
Microsoft Visual Studio Solution File, Format Version 12.00
# Visual Studio Version 16
VisualStudioVersion = 16.0.32106.194
MinimumVisualStudioVersion = 10.0.40219.1
Project("{9A19103F-16F7-4668-BE54-9A1E7A4F7556}") = "WebApi", "asp.NetCorePractice\WebApi.csproj", "{3A089990-CD49-47EC-80FD-A9B4C08C2B63}"
EndProject
Project("{9A19103F-16F7-4668-BE54-9A1E7A4F7556}") = "Consume-REST-API", "Consume-REST-API\Consume-REST-API.csproj", "{40D40FEB-385C-418D-BBDC-9E06B82B03A3}"
EndProject
Project("{9A19103F-16F7-4668-BE54-9A1E7A4F7556}") = "DapperAPI", "DapperAPI\DapperAPI.csproj", "{428AF144-A206-424B-ACC0-1304D79A1E75}"
EndProject
Project("{00D1A9C2-B5F0-4AF3-8072-F6C62B433612}") = "UserDB", "UserDB\UserDB.sqlproj", "{9A0DBCBA-749D-4735-867D-D47CD73ED1C1}"
EndProject
Project("{9A19103F-16F7-4668-BE54-9A1E7A4F7556}") = "DataAccess", "DataAccess\DataAccess.csproj", "{21EA04C1-B584-4E00-81F0-01582B3B6E4A}"
EndProject
Project("{FAE04EC0-301F-11D3-BF4B-00C04F79EFBC}") = "LINQ", "LINQ\LINQ.csproj", "{9CA39C28-0A18-4066-9C2B-9FCFDBE64FA8}"
EndProject
Global
	GlobalSection(SolutionConfigurationPlatforms) = preSolution
		Debug|Any CPU = Debug|Any CPU
		Release|Any CPU = Release|Any CPU
	EndGlobalSection
	GlobalSection(ProjectConfigurationPlatforms) = postSolution
		{3A089990-CD49-47EC-80FD-A9B4C08C2B63}.Debug|Any CPU.ActiveCfg = Debug|Any CPU
		{3A089990-CD49-47EC-80FD-A9B4C08C2B63}.Debug|Any CPU.Build.0 = Debug|Any CPU
		{3A089990-CD49-47EC-80FD-A9B4C08C2B63}.Release|Any CPU.ActiveCfg = Release|Any CPU
		{3A089990-CD49-47EC-80FD-A9B4C08C2B63}.Release|Any CPU.Build.0 = Release|Any CPU
		{40D40FEB-385C-418D-BBDC-9E06B82B03A3}.Debug|Any CPU.ActiveCfg = Debug|Any CPU
		{40D40FEB-385C-418D-BBDC-9E06B82B03A3}.Debug|Any CPU.Build.0 = Debug|Any CPU
		{40D40FEB-385C-418D-BBDC-9E06B82B03A3}.Release|Any CPU.ActiveCfg = Release|Any CPU
		{40D40FEB-385C-418D-BBDC-9E06B82B03A3}.Release|Any CPU.Build.0 = Release|Any CPU
		{428AF144-A206-424B-ACC0-1304D79A1E75}.Debug|Any CPU.ActiveCfg = Debug|Any CPU
		{428AF144-A206-424B-ACC0-1304D79A1E75}.Debug|Any CPU.Build.0 = Debug|Any CPU
		{428AF144-A206-424B-ACC0-1304D79A1E75}.Release|Any CPU.ActiveCfg = Release|Any CPU
		{428AF144-A206-424B-ACC0-1304D79A1E75}.Release|Any CPU.Build.0 = Release|Any CPU
		{9A0DBCBA-749D-4735-867D-D47CD73ED1C1}.Debug|Any CPU.ActiveCfg = Debug|Any CPU
		{9A0DBCBA-749D-4735-867D-D47CD73ED1C1}.Debug|Any CPU.Build.0 = Debug|Any CPU
		{9A0DBCBA-749D-4735-867D-D47CD73ED1C1}.Debug|Any CPU.Deploy.0 = Debug|Any CPU
		{9A0DBCBA-749D-4735-867D-D47CD73ED1C1}.Release|Any CPU.ActiveCfg = Release|Any CPU
		{9A0DBCBA-749D-4735-867D-D47CD73ED1C1}.Release|Any CPU.Build.0 = Release|Any CPU
		{9A0DBCBA-749D-4735-867D-D47CD73ED1C1}.Release|Any CPU.Deploy.0 = Release|Any CPU
		{21EA04C1-B584-4E00-81F0-01582B3B6E4A}.Debug|Any CPU.ActiveCfg = Debug|Any CPU
		{21EA04C1-B584-4E00-81F0-01582B3B6E4A}.Debug|Any CPU.Build.0 = Debug|Any CPU
		{21EA04C1-B584-4E00-81F0-01582B3B6E4A}.Release|Any CPU.ActiveCfg = Release|Any CPU
		{21EA04C1-B584-4E00-81F0-01582B3B6E4A}.Release|Any CPU.Build.0 = Release|Any CPU
		{9CA39C28-0A18-4066-9C2B-9FCFDBE64FA8}.Debug|Any CPU.ActiveCfg = Debug|Any CPU
		{9CA39C28-0A18-4066-9C2B-9FCFDBE64FA8}.Debug|Any CPU.Build.0 = Debug|Any CPU
		{9CA39C28-0A18-4066-9C2B-9FCFDBE64FA8}.Release|Any CPU.ActiveCfg = Release|Any CPU
		{9CA39C28-0A18-4066-9C2B-9FCFDBE64FA8}.Release|Any CPU.Build.0 = Release|Any CPU
	EndGlobalSection
	GlobalSection(SolutionProperties) = preSolution
		HideSolutionNode = FALSE
	EndGlobalSection
	GlobalSection(ExtensibilityGlobals) = postSolution
		SolutionGuid = {EDE699CB-8899-48ED-9B7B-9DBA5082A45E}
	EndGlobalSection
EndGlobal
